
Microsoft Visual Studio Solution File, Format Version 12.00
# Visual Studio Version 17
VisualStudioVersion = 17.14.36408.4 d17.14
MinimumVisualStudioVersion = 10.0.40219.1
Project("{FAE04EC0-301F-11D3-BF4B-00C04F79EFBC}") = "StorySpoiler", "StorySpoiler\StorySpoiler.csproj", "{4803525D-EE56-4C85-9C95-3147C3ADBCB4}"
EndProject
Global
	GlobalSection(SolutionConfigurationPlatforms) = preSolution
		Debug|Any CPU = Debug|Any CPU
		Release|Any CPU = Release|Any CPU
	EndGlobalSection
	GlobalSection(ProjectConfigurationPlatforms) = postSolution
		{4803525D-EE56-4C85-9C95-3147C3ADBCB4}.Debug|Any CPU.ActiveCfg = Debug|Any CPU
		{4803525D-EE56-4C85-9C95-3147C3ADBCB4}.Debug|Any CPU.Build.0 = Debug|Any CPU
		{4803525D-EE56-4C85-9C95-3147C3ADBCB4}.Release|Any CPU.ActiveCfg = Release|Any CPU
		{4803525D-EE56-4C85-9C95-3147C3ADBCB4}.Release|Any CPU.Build.0 = Release|Any CPU
	EndGlobalSection
	GlobalSection(SolutionProperties) = preSolution
		HideSolutionNode = FALSE
	EndGlobalSection
	GlobalSection(ExtensibilityGlobals) = postSolution
		SolutionGuid = {EACA4220-5C91-4257-8D74-BD6C8EBDD045}
	EndGlobalSection
EndGlobal
